
Microsoft Visual Studio Solution File, Format Version 12.00
# Visual Studio Version 17
VisualStudioVersion = 17.9.34728.123
MinimumVisualStudioVersion = 10.0.40219.1
Project("{FAE04EC0-301F-11D3-BF4B-00C04F79EFBC}") = "backend.version1", "backend.version1\backend.version1.csproj", "{343511C1-0F6D-4FA9-8811-DD096797FA4D}"
EndProject
Global
	GlobalSection(SolutionConfigurationPlatforms) = preSolution
		Debug|Any CPU = Debug|Any CPU
		Release|Any CPU = Release|Any CPU
	EndGlobalSection
	GlobalSection(ProjectConfigurationPlatforms) = postSolution
		{343511C1-0F6D-4FA9-8811-DD096797FA4D}.Debug|Any CPU.ActiveCfg = Debug|Any CPU
		{343511C1-0F6D-4FA9-8811-DD096797FA4D}.Debug|Any CPU.Build.0 = Debug|Any CPU
		{343511C1-0F6D-4FA9-8811-DD096797FA4D}.Release|Any CPU.ActiveCfg = Release|Any CPU
		{343511C1-0F6D-4FA9-8811-DD096797FA4D}.Release|Any CPU.Build.0 = Release|Any CPU
	EndGlobalSection
	GlobalSection(SolutionProperties) = preSolution
		HideSolutionNode = FALSE
	EndGlobalSection
	GlobalSection(ExtensibilityGlobals) = postSolution
		SolutionGuid = {611575DA-A4F1-4561-89AD-F96DFA1FB3A8}
	EndGlobalSection
EndGlobal
